
Microsoft Visual Studio Solution File, Format Version 11.00
# Visual Studio 2010
Project("{FAE04EC0-301F-11D3-BF4B-00C04F79EFBC}") = "Assembly-CSharp", "Assembly-CSharp.csproj", "{46c20f14-78a8-b630-e5ea-79c764408161}"
EndProject
Project("{FAE04EC0-301F-11D3-BF4B-00C04F79EFBC}") = "PhotonUnityNetworking.Demos", "PhotonUnityNetworking.Demos.csproj", "{e487ec2c-be1f-6425-1eec-f66cb0082989}"
EndProject
Project("{FAE04EC0-301F-11D3-BF4B-00C04F79EFBC}") = "PhotonUnityNetworking.Utilities", "PhotonUnityNetworking.Utilities.csproj", "{b32e9d74-96a8-01cd-6e6a-61c0a4f6a797}"
EndProject
Project("{FAE04EC0-301F-11D3-BF4B-00C04F79EFBC}") = "PhotonChat", "PhotonChat.csproj", "{84c5cd7a-8da4-9f92-8b29-db1e12027767}"
EndProject
Project("{FAE04EC0-301F-11D3-BF4B-00C04F79EFBC}") = "PhotonUnityNetworking", "PhotonUnityNetworking.csproj", "{bd44cae4-db0c-a6fd-9eb2-b79af06bfd0a}"
EndProject
Project("{FAE04EC0-301F-11D3-BF4B-00C04F79EFBC}") = "PhotonRealtime", "PhotonRealtime.csproj", "{48d72afe-193f-aa20-e4ab-e523357af928}"
EndProject
Project("{FAE04EC0-301F-11D3-BF4B-00C04F79EFBC}") = "PhotonWebSocket", "PhotonWebSocket.csproj", "{6d6a3e44-0998-a6b0-e925-827cbd330c29}"
EndProject
Project("{FAE04EC0-301F-11D3-BF4B-00C04F79EFBC}") = "PhotonUnityNetworking.Editor", "PhotonUnityNetworking.Editor.csproj", "{6e38aafb-590a-0610-997c-3f3cf60a656b}"
EndProject
Project("{FAE04EC0-301F-11D3-BF4B-00C04F79EFBC}") = "PunDemos.DemoHubEditor", "PunDemos.DemoHubEditor.csproj", "{6e976f6c-dd27-cab4-1865-6fdcea47a503}"
EndProject
Project("{FAE04EC0-301F-11D3-BF4B-00C04F79EFBC}") = "PhotonUnityNetworking.Utilities.PhotonPlayer.Editor", "PhotonUnityNetworking.Utilities.PhotonPlayer.Editor.csproj", "{5bd79e8b-7475-8f56-ca3f-0d0b2341af2c}"
EndProject
Project("{FAE04EC0-301F-11D3-BF4B-00C04F79EFBC}") = "Assembly-CSharp-Editor", "Assembly-CSharp-Editor.csproj", "{1bd0a25e-e72b-d5f8-1f7f-ebfd892d03f7}"
EndProject
Project("{FAE04EC0-301F-11D3-BF4B-00C04F79EFBC}") = "PhotonUnityNetworking.Utilities.Culling.Editor", "PhotonUnityNetworking.Utilities.Culling.Editor.csproj", "{240f5ba0-466c-dcea-f041-351c3bc503e1}"
EndProject
Project("{FAE04EC0-301F-11D3-BF4B-00C04F79EFBC}") = "PunDemos.DemoSlotcarEditor", "PunDemos.DemoSlotcarEditor.csproj", "{693fd856-6298-6f99-e8e0-1cbef90ae389}"
EndProject
Global
	GlobalSection(SolutionConfigurationPlatforms) = preSolution
		Debug|Any CPU = Debug|Any CPU
		Release|Any CPU = Release|Any CPU
	EndGlobalSection
	GlobalSection(ProjectConfigurationPlatforms) = postSolution
		{46c20f14-78a8-b630-e5ea-79c764408161}.Debug|Any CPU.ActiveCfg = Debug|Any CPU
		{46c20f14-78a8-b630-e5ea-79c764408161}.Debug|Any CPU.Build.0 = Debug|Any CPU
		{46c20f14-78a8-b630-e5ea-79c764408161}.Release|Any CPU.ActiveCfg = Release|Any CPU
		{46c20f14-78a8-b630-e5ea-79c764408161}.Release|Any CPU.Build.0 = Release|Any CPU
		{e487ec2c-be1f-6425-1eec-f66cb0082989}.Debug|Any CPU.ActiveCfg = Debug|Any CPU
		{e487ec2c-be1f-6425-1eec-f66cb0082989}.Debug|Any CPU.Build.0 = Debug|Any CPU
		{e487ec2c-be1f-6425-1eec-f66cb0082989}.Release|Any CPU.ActiveCfg = Release|Any CPU
		{e487ec2c-be1f-6425-1eec-f66cb0082989}.Release|Any CPU.Build.0 = Release|Any CPU
		{b32e9d74-96a8-01cd-6e6a-61c0a4f6a797}.Debug|Any CPU.ActiveCfg = Debug|Any CPU
		{b32e9d74-96a8-01cd-6e6a-61c0a4f6a797}.Debug|Any CPU.Build.0 = Debug|Any CPU
		{b32e9d74-96a8-01cd-6e6a-61c0a4f6a797}.Release|Any CPU.ActiveCfg = Release|Any CPU
		{b32e9d74-96a8-01cd-6e6a-61c0a4f6a797}.Release|Any CPU.Build.0 = Release|Any CPU
		{84c5cd7a-8da4-9f92-8b29-db1e12027767}.Debug|Any CPU.ActiveCfg = Debug|Any CPU
		{84c5cd7a-8da4-9f92-8b29-db1e12027767}.Debug|Any CPU.Build.0 = Debug|Any CPU
		{84c5cd7a-8da4-9f92-8b29-db1e12027767}.Release|Any CPU.ActiveCfg = Release|Any CPU
		{84c5cd7a-8da4-9f92-8b29-db1e12027767}.Release|Any CPU.Build.0 = Release|Any CPU
		{bd44cae4-db0c-a6fd-9eb2-b79af06bfd0a}.Debug|Any CPU.ActiveCfg = Debug|Any CPU
		{bd44cae4-db0c-a6fd-9eb2-b79af06bfd0a}.Debug|Any CPU.Build.0 = Debug|Any CPU
		{bd44cae4-db0c-a6fd-9eb2-b79af06bfd0a}.Release|Any CPU.ActiveCfg = Release|Any CPU
		{bd44cae4-db0c-a6fd-9eb2-b79af06bfd0a}.Release|Any CPU.Build.0 = Release|Any CPU
		{48d72afe-193f-aa20-e4ab-e523357af928}.Debug|Any CPU.ActiveCfg = Debug|Any CPU
		{48d72afe-193f-aa20-e4ab-e523357af928}.Debug|Any CPU.Build.0 = Debug|Any CPU
		{48d72afe-193f-aa20-e4ab-e523357af928}.Release|Any CPU.ActiveCfg = Release|Any CPU
		{48d72afe-193f-aa20-e4ab-e523357af928}.Release|Any CPU.Build.0 = Release|Any CPU
		{6d6a3e44-0998-a6b0-e925-827cbd330c29}.Debug|Any CPU.ActiveCfg = Debug|Any CPU
		{6d6a3e44-0998-a6b0-e925-827cbd330c29}.Debug|Any CPU.Build.0 = Debug|Any CPU
		{6d6a3e44-0998-a6b0-e925-827cbd330c29}.Release|Any CPU.ActiveCfg = Release|Any CPU
		{6d6a3e44-0998-a6b0-e925-827cbd330c29}.Release|Any CPU.Build.0 = Release|Any CPU
		{6e38aafb-590a-0610-997c-3f3cf60a656b}.Debug|Any CPU.ActiveCfg = Debug|Any CPU
		{6e38aafb-590a-0610-997c-3f3cf60a656b}.Debug|Any CPU.Build.0 = Debug|Any CPU
		{6e38aafb-590a-0610-997c-3f3cf60a656b}.Release|Any CPU.ActiveCfg = Release|Any CPU
		{6e38aafb-590a-0610-997c-3f3cf60a656b}.Release|Any CPU.Build.0 = Release|Any CPU
		{6e976f6c-dd27-cab4-1865-6fdcea47a503}.Debug|Any CPU.ActiveCfg = Debug|Any CPU
		{6e976f6c-dd27-cab4-1865-6fdcea47a503}.Debug|Any CPU.Build.0 = Debug|Any CPU
		{6e976f6c-dd27-cab4-1865-6fdcea47a503}.Release|Any CPU.ActiveCfg = Release|Any CPU
		{6e976f6c-dd27-cab4-1865-6fdcea47a503}.Release|Any CPU.Build.0 = Release|Any CPU
		{5bd79e8b-7475-8f56-ca3f-0d0b2341af2c}.Debug|Any CPU.ActiveCfg = Debug|Any CPU
		{5bd79e8b-7475-8f56-ca3f-0d0b2341af2c}.Debug|Any CPU.Build.0 = Debug|Any CPU
		{5bd79e8b-7475-8f56-ca3f-0d0b2341af2c}.Release|Any CPU.ActiveCfg = Release|Any CPU
		{5bd79e8b-7475-8f56-ca3f-0d0b2341af2c}.Release|Any CPU.Build.0 = Release|Any CPU
		{1bd0a25e-e72b-d5f8-1f7f-ebfd892d03f7}.Debug|Any CPU.ActiveCfg = Debug|Any CPU
		{1bd0a25e-e72b-d5f8-1f7f-ebfd892d03f7}.Debug|Any CPU.Build.0 = Debug|Any CPU
		{1bd0a25e-e72b-d5f8-1f7f-ebfd892d03f7}.Release|Any CPU.ActiveCfg = Release|Any CPU
		{1bd0a25e-e72b-d5f8-1f7f-ebfd892d03f7}.Release|Any CPU.Build.0 = Release|Any CPU
		{240f5ba0-466c-dcea-f041-351c3bc503e1}.Debug|Any CPU.ActiveCfg = Debug|Any CPU
		{240f5ba0-466c-dcea-f041-351c3bc503e1}.Debug|Any CPU.Build.0 = Debug|Any CPU
		{240f5ba0-466c-dcea-f041-351c3bc503e1}.Release|Any CPU.ActiveCfg = Release|Any CPU
		{240f5ba0-466c-dcea-f041-351c3bc503e1}.Release|Any CPU.Build.0 = Release|Any CPU
		{693fd856-6298-6f99-e8e0-1cbef90ae389}.Debug|Any CPU.ActiveCfg = Debug|Any CPU
		{693fd856-6298-6f99-e8e0-1cbef90ae389}.Debug|Any CPU.Build.0 = Debug|Any CPU
		{693fd856-6298-6f99-e8e0-1cbef90ae389}.Release|Any CPU.ActiveCfg = Release|Any CPU
		{693fd856-6298-6f99-e8e0-1cbef90ae389}.Release|Any CPU.Build.0 = Release|Any CPU
	EndGlobalSection
	GlobalSection(SolutionProperties) = preSolution
		HideSolutionNode = FALSE
	EndGlobalSection
EndGlobal
